// !$*UTF8*$!
{
	archiveVersion = 1;
	classes = {
	};
	objectVersion = 46;
	objects = {

/* Begin PBXBuildFile section */
		AA6AF1D098A74932177F57A1 /* libPods-EasyTrack.a in Frameworks */ = {isa = PBXBuildFile; fileRef = 5410EE89D70CD7C7F4F50160 /* libPods-EasyTrack.a */; };
		B50902051E0C1EE500C6BF40 /* QLShareView.m in Sources */ = {isa = PBXBuildFile; fileRef = B50902041E0C1EE500C6BF40 /* QLShareView.m */; };
		B50902071E0C1EEC00C6BF40 /* QLShareView.xib in Resources */ = {isa = PBXBuildFile; fileRef = B50902061E0C1EEC00C6BF40 /* QLShareView.xib */; };
		B51AEF7E1E0BCBE500CAEDC1 /* QLResultViewController.m in Sources */ = {isa = PBXBuildFile; fileRef = B51AEF7C1E0BCBE500CAEDC1 /* QLResultViewController.m */; };
		B51AEF7F1E0BCBE500CAEDC1 /* QLResultViewController.xib in Resources */ = {isa = PBXBuildFile; fileRef = B51AEF7D1E0BCBE500CAEDC1 /* QLResultViewController.xib */; };
		B51DF88D1E0822C20070E10B /* AppDelegate.m in Sources */ = {isa = PBXBuildFile; fileRef = B51DF88C1E0822C20070E10B /* AppDelegate.m */; };
		B51DF8931E0826AE0070E10B /* QLHomeViewController.m in Sources */ = {isa = PBXBuildFile; fileRef = B51DF8911E0826AE0070E10B /* QLHomeViewController.m */; };
		B51DF8941E0826AE0070E10B /* QLHomeViewController.xib in Resources */ = {isa = PBXBuildFile; fileRef = B51DF8921E0826AE0070E10B /* QLHomeViewController.xib */; };
		B51DF8971E0826DC0070E10B /* QLNavigationController.m in Sources */ = {isa = PBXBuildFile; fileRef = B51DF8961E0826DC0070E10B /* QLNavigationController.m */; };
		B5B1B96C1DD9AC9C00258D88 /* main.m in Sources */ = {isa = PBXBuildFile; fileRef = B5B1B96B1DD9AC9C00258D88 /* main.m */; };
		B5B1B9771DD9AC9C00258D88 /* Assets.xcassets in Resources */ = {isa = PBXBuildFile; fileRef = B5B1B9761DD9AC9C00258D88 /* Assets.xcassets */; };
		B5B1B97A1DD9AC9C00258D88 /* LaunchScreen.storyboard in Resources */ = {isa = PBXBuildFile; fileRef = B5B1B9781DD9AC9C00258D88 /* LaunchScreen.storyboard */; };
		B5E727111E0A56AC0055F748 /* UIView+SizeCategory.m in Sources */ = {isa = PBXBuildFile; fileRef = B5E727101E0A56AC0055F748 /* UIView+SizeCategory.m */; };
		B5F692C21E0918CB00A8A91E /* MapKit.framework in Frameworks */ = {isa = PBXBuildFile; fileRef = B5F692C11E0918CB00A8A91E /* MapKit.framework */; };
/* End PBXBuildFile section */

/* Begin PBXFileReference section */
		5410EE89D70CD7C7F4F50160 /* libPods-EasyTrack.a */ = {isa = PBXFileReference; explicitFileType = archive.ar; includeInIndex = 0; path = "libPods-EasyTrack.a"; sourceTree = BUILT_PRODUCTS_DIR; };
		7F2A8BD2AA667178BAC22E72 /* Pods-EasyTrack.release.xcconfig */ = {isa = PBXFileReference; includeInIndex = 1; lastKnownFileType = text.xcconfig; name = "Pods-EasyTrack.release.xcconfig"; path = "Pods/Target Support Files/Pods-EasyTrack/Pods-EasyTrack.release.xcconfig"; sourceTree = "<group>"; };
		B50902031E0C1EE500C6BF40 /* QLShareView.h */ = {isa = PBXFileReference; fileEncoding = 4; lastKnownFileType = sourcecode.c.h; path = QLShareView.h; sourceTree = "<group>"; };
		B50902041E0C1EE500C6BF40 /* QLShareView.m */ = {isa = PBXFileReference; fileEncoding = 4; lastKnownFileType = sourcecode.c.objc; path = QLShareView.m; sourceTree = "<group>"; };
		B50902061E0C1EEC00C6BF40 /* QLShareView.xib */ = {isa = PBXFileReference; fileEncoding = 4; lastKnownFileType = file.xib; path = QLShareView.xib; sourceTree = "<group>"; };
		B51AEF7B1E0BCBE500CAEDC1 /* QLResultViewController.h */ = {isa = PBXFileReference; fileEncoding = 4; lastKnownFileType = sourcecode.c.h; path = QLResultViewController.h; sourceTree = "<group>"; };
		B51AEF7C1E0BCBE500CAEDC1 /* QLResultViewController.m */ = {isa = PBXFileReference; fileEncoding = 4; lastKnownFileType = sourcecode.c.objc; path = QLResultViewController.m; sourceTree = "<group>"; };
		B51AEF7D1E0BCBE500CAEDC1 /* QLResultViewController.xib */ = {isa = PBXFileReference; fileEncoding = 4; lastKnownFileType = file.xib; path = QLResultViewController.xib; sourceTree = "<group>"; };
		B51DF88B1E0822C20070E10B /* AppDelegate.h */ = {isa = PBXFileReference; fileEncoding = 4; lastKnownFileType = sourcecode.c.h; path = AppDelegate.h; sourceTree = "<group>"; };
		B51DF88C1E0822C20070E10B /* AppDelegate.m */ = {isa = PBXFileReference; fileEncoding = 4; lastKnownFileType = sourcecode.c.objc; path = AppDelegate.m; sourceTree = "<group>"; };
		B51DF88F1E08232A0070E10B /* PrefixHeader.pch */ = {isa = PBXFileReference; lastKnownFileType = sourcecode.c.h; path = PrefixHeader.pch; sourceTree = "<group>"; };
		B51DF8901E0826AE0070E10B /* QLHomeViewController.h */ = {isa = PBXFileReference; fileEncoding = 4; lastKnownFileType = sourcecode.c.h; path = QLHomeViewController.h; sourceTree = "<group>"; };
		B51DF8911E0826AE0070E10B /* QLHomeViewController.m */ = {isa = PBXFileReference; fileEncoding = 4; lastKnownFileType = sourcecode.c.objc; path = QLHomeViewController.m; sourceTree = "<group>"; };
		B51DF8921E0826AE0070E10B /* QLHomeViewController.xib */ = {isa = PBXFileReference; fileEncoding = 4; lastKnownFileType = file.xib; path = QLHomeViewController.xib; sourceTree = "<group>"; };
		B51DF8951E0826DC0070E10B /* QLNavigationController.h */ = {isa = PBXFileReference; fileEncoding = 4; lastKnownFileType = sourcecode.c.h; path = QLNavigationController.h; sourceTree = "<group>"; };
		B51DF8961E0826DC0070E10B /* QLNavigationController.m */ = {isa = PBXFileReference; fileEncoding = 4; lastKnownFileType = sourcecode.c.objc; path = QLNavigationController.m; sourceTree = "<group>"; };
		B5B1B9671DD9AC9C00258D88 /* EasyTrack.app */ = {isa = PBXFileReference; explicitFileType = wrapper.application; includeInIndex = 0; path = EasyTrack.app; sourceTree = BUILT_PRODUCTS_DIR; };
		B5B1B96B1DD9AC9C00258D88 /* main.m */ = {isa = PBXFileReference; lastKnownFileType = sourcecode.c.objc; path = main.m; sourceTree = "<group>"; };
		B5B1B9761DD9AC9C00258D88 /* Assets.xcassets */ = {isa = PBXFileReference; lastKnownFileType = folder.assetcatalog; path = Assets.xcassets; sourceTree = "<group>"; };
		B5B1B9791DD9AC9C00258D88 /* Base */ = {isa = PBXFileReference; lastKnownFileType = file.storyboard; name = Base; path = Base.lproj/LaunchScreen.storyboard; sourceTree = "<group>"; };
		B5B1B97B1DD9AC9C00258D88 /* Info.plist */ = {isa = PBXFileReference; lastKnownFileType = text.plist.xml; path = Info.plist; sourceTree = "<group>"; };
		B5E7270F1E0A56AC0055F748 /* UIView+SizeCategory.h */ = {isa = PBXFileReference; fileEncoding = 4; lastKnownFileType = sourcecode.c.h; path = "UIView+SizeCategory.h"; sourceTree = "<group>"; };
		B5E727101E0A56AC0055F748 /* UIView+SizeCategory.m */ = {isa = PBXFileReference; fileEncoding = 4; lastKnownFileType = sourcecode.c.objc; path = "UIView+SizeCategory.m"; sourceTree = "<group>"; };
		B5F692C11E0918CB00A8A91E /* MapKit.framework */ = {isa = PBXFileReference; lastKnownFileType = wrapper.framework; name = MapKit.framework; path = System/Library/Frameworks/MapKit.framework; sourceTree = SDKROOT; };
		B5F692C71E0918E100A8A91E /* EasyTrack.entitlements */ = {isa = PBXFileReference; lastKnownFileType = text.plist.entitlements; path = EasyTrack.entitlements; sourceTree = "<group>"; };
		EAA5A29CEA121E245DEC2A99 /* Pods-EasyTrack.debug.xcconfig */ = {isa = PBXFileReference; includeInIndex = 1; lastKnownFileType = text.xcconfig; name = "Pods-EasyTrack.debug.xcconfig"; path = "Pods/Target Support Files/Pods-EasyTrack/Pods-EasyTrack.debug.xcconfig"; sourceTree = "<group>"; };
/* End PBXFileReference section */

/* Begin PBXFrameworksBuildPhase section */
		B5B1B9641DD9AC9C00258D88 /* Frameworks */ = {
			isa = PBXFrameworksBuildPhase;
			buildActionMask = 2147483647;
			files = (
				B5F692C21E0918CB00A8A91E /* MapKit.framework in Frameworks */,
				AA6AF1D098A74932177F57A1 /* libPods-EasyTrack.a in Frameworks */,
			);
			runOnlyForDeploymentPostprocessing = 0;
		};
/* End PBXFrameworksBuildPhase section */

/* Begin PBXGroup section */
		143E1B143A3FE5DDBD7F6561 /* Frameworks */ = {
			isa = PBXGroup;
			children = (
				B5F692C11E0918CB00A8A91E /* MapKit.framework */,
				5410EE89D70CD7C7F4F50160 /* libPods-EasyTrack.a */,
			);
			name = Frameworks;
			sourceTree = "<group>";
		};
		B51DF8861E0822C20070E10B /* Main */ = {
			isa = PBXGroup;
			children = (
				B51DF8881E0822C20070E10B /* Model */,
				B51DF8891E0822C20070E10B /* View */,
				B51DF8871E0822C20070E10B /* Controller */,
			);
			path = Main;
			sourceTree = "<group>";
		};
		B51DF8871E0822C20070E10B /* Controller */ = {
			isa = PBXGroup;
			children = (
				B51DF8901E0826AE0070E10B /* QLHomeViewController.h */,
				B51DF8911E0826AE0070E10B /* QLHomeViewController.m */,
				B51DF8921E0826AE0070E10B /* QLHomeViewController.xib */,
				B51AEF7B1E0BCBE500CAEDC1 /* QLResultViewController.h */,
				B51AEF7C1E0BCBE500CAEDC1 /* QLResultViewController.m */,
				B51AEF7D1E0BCBE500CAEDC1 /* QLResultViewController.xib */,
				B51DF8951E0826DC0070E10B /* QLNavigationController.h */,
				B51DF8961E0826DC0070E10B /* QLNavigationController.m */,
			);
			path = Controller;
			sourceTree = "<group>";
		};
		B51DF8881E0822C20070E10B /* Model */ = {
			isa = PBXGroup;
			children = (
			);
			path = Model;
			sourceTree = "<group>";
		};
		B51DF8891E0822C20070E10B /* View */ = {
			isa = PBXGroup;
			children = (
				B50902031E0C1EE500C6BF40 /* QLShareView.h */,
				B50902041E0C1EE500C6BF40 /* QLShareView.m */,
				B50902061E0C1EEC00C6BF40 /* QLShareView.xib */,
			);
			path = View;
			sourceTree = "<group>";
		};
		B51DF88A1E0822C20070E10B /* Other */ = {
			isa = PBXGroup;
			children = (
				B51DF88B1E0822C20070E10B /* AppDelegate.h */,
				B51DF88C1E0822C20070E10B /* AppDelegate.m */,
				B51DF88F1E08232A0070E10B /* PrefixHeader.pch */,
				B5E7270F1E0A56AC0055F748 /* UIView+SizeCategory.h */,
				B5E727101E0A56AC0055F748 /* UIView+SizeCategory.m */,
			);
			path = Other;
			sourceTree = "<group>";
		};
		B5B1B95E1DD9AC9C00258D88 = {
			isa = PBXGroup;
			children = (
				B5B1B9691DD9AC9C00258D88 /* EasyTrack */,
				B5B1B9681DD9AC9C00258D88 /* Products */,
				DA82C731F1081E3FF328BFC4 /* Pods */,
				143E1B143A3FE5DDBD7F6561 /* Frameworks */,
			);
			sourceTree = "<group>";
		};
		B5B1B9681DD9AC9C00258D88 /* Products */ = {
			isa = PBXGroup;
			children = (
				B5B1B9671DD9AC9C00258D88 /* EasyTrack.app */,
			);
			name = Products;
			sourceTree = "<group>";
		};
		B5B1B9691DD9AC9C00258D88 /* EasyTrack */ = {
			isa = PBXGroup;
			children = (
				B5F692C71E0918E100A8A91E /* EasyTrack.entitlements */,
				B51DF8861E0822C20070E10B /* Main */,
				B51DF88A1E0822C20070E10B /* Other */,
				B5B1B96A1DD9AC9C00258D88 /* Supporting Files */,
			);
			path = EasyTrack;
			sourceTree = "<group>";
		};
		B5B1B96A1DD9AC9C00258D88 /* Supporting Files */ = {
			isa = PBXGroup;
			children = (
				B5B1B96B1DD9AC9C00258D88 /* main.m */,
				B5B1B9761DD9AC9C00258D88 /* Assets.xcassets */,
				B5B1B9781DD9AC9C00258D88 /* LaunchScreen.storyboard */,
				B5B1B97B1DD9AC9C00258D88 /* Info.plist */,
			);
			name = "Supporting Files";
			sourceTree = "<group>";
		};
		DA82C731F1081E3FF328BFC4 /* Pods */ = {
			isa = PBXGroup;
			children = (
				EAA5A29CEA121E245DEC2A99 /* Pods-EasyTrack.debug.xcconfig */,
				7F2A8BD2AA667178BAC22E72 /* Pods-EasyTrack.release.xcconfig */,
			);
			name = Pods;
			sourceTree = "<group>";
		};
/* End PBXGroup section */

/* Begin PBXNativeTarget section */
		B5B1B9661DD9AC9C00258D88 /* EasyTrack */ = {
			isa = PBXNativeTarget;
			buildConfigurationList = B5B1B97E1DD9AC9C00258D88 /* Build configuration list for PBXNativeTarget "EasyTrack" */;
			buildPhases = (
				2DEEDD470D5DDB17347AC415 /* [CP] Check Pods Manifest.lock */,
				B5B1B9631DD9AC9C00258D88 /* Sources */,
				B5B1B9641DD9AC9C00258D88 /* Frameworks */,
				B5B1B9651DD9AC9C00258D88 /* Resources */,
				D117A0A8CCA383E6643F5961 /* [CP] Embed Pods Frameworks */,
				56290C9BEE9432B8F78BDAFC /* [CP] Copy Pods Resources */,
			);
			buildRules = (
			);
			dependencies = (
			);
			name = EasyTrack;
			productName = EasyTrack;
			productReference = B5B1B9671DD9AC9C00258D88 /* EasyTrack.app */;
			productType = "com.apple.product-type.application";
		};
/* End PBXNativeTarget section */

/* Begin PBXProject section */
		B5B1B95F1DD9AC9C00258D88 /* Project object */ = {
			isa = PBXProject;
			attributes = {
				LastUpgradeCheck = 0810;
				ORGANIZATIONNAME = neo;
				TargetAttributes = {
					B5B1B9661DD9AC9C00258D88 = {
						CreatedOnToolsVersion = 8.1;
						DevelopmentTeam = KRH844752F;
						ProvisioningStyle = Automatic;
						SystemCapabilities = {
							com.apple.BackgroundModes = {
								enabled = 1;
							};
							com.apple.InAppPurchase = {
								enabled = 0;
							};
							com.apple.Maps.iOS = {
								enabled = 0;
							};
							com.apple.VPNLite = {
								enabled = 0;
							};
						};
					};
				};
			};
			buildConfigurationList = B5B1B9621DD9AC9C00258D88 /* Build configuration list for PBXProject "EasyTrack" */;
			compatibilityVersion = "Xcode 3.2";
			developmentRegion = English;
			hasScannedForEncodings = 0;
			knownRegions = (
				en,
				Base,
			);
			mainGroup = B5B1B95E1DD9AC9C00258D88;
			productRefGroup = B5B1B9681DD9AC9C00258D88 /* Products */;
			projectDirPath = "";
			projectRoot = "";
			targets = (
				B5B1B9661DD9AC9C00258D88 /* EasyTrack */,
			);
		};
/* End PBXProject section */

/* Begin PBXResourcesBuildPhase section */
		B5B1B9651DD9AC9C00258D88 /* Resources */ = {
			isa = PBXResourcesBuildPhase;
			buildActionMask = 2147483647;
			files = (
				B51DF8941E0826AE0070E10B /* QLHomeViewController.xib in Resources */,
				B5B1B97A1DD9AC9C00258D88 /* LaunchScreen.storyboard in Resources */,
				B51AEF7F1E0BCBE500CAEDC1 /* QLResultViewController.xib in Resources */,
				B5B1B9771DD9AC9C00258D88 /* Assets.xcassets in Resources */,
				B50902071E0C1EEC00C6BF40 /* QLShareView.xib in Resources */,
			);
			runOnlyForDeploymentPostprocessing = 0;
		};
/* End PBXResourcesBuildPhase section */

/* Begin PBXShellScriptBuildPhase section */
		2DEEDD470D5DDB17347AC415 /* [CP] Check Pods Manifest.lock */ = {
			isa = PBXShellScriptBuildPhase;
			buildActionMask = 2147483647;
			files = (
			);
			inputPaths = (
			);
			name = "[CP] Check Pods Manifest.lock";
			outputPaths = (
			);
			runOnlyForDeploymentPostprocessing = 0;
			shellPath = /bin/sh;
			shellScript = "diff \"${PODS_ROOT}/../Podfile.lock\" \"${PODS_ROOT}/Manifest.lock\" > /dev/null\nif [ $? != 0 ] ; then\n    # print error to STDERR\n    echo \"error: The sandbox is not in sync with the Podfile.lock. Run 'pod install' or update your CocoaPods installation.\" >&2\n    exit 1\nfi\n";
			showEnvVarsInLog = 0;
		};
		56290C9BEE9432B8F78BDAFC /* [CP] Copy Pods Resources */ = {
			isa = PBXShellScriptBuildPhase;
			buildActionMask = 2147483647;
			files = (
			);
			inputPaths = (
			);
			name = "[CP] Copy Pods Resources";
			outputPaths = (
			);
			runOnlyForDeploymentPostprocessing = 0;
			shellPath = /bin/sh;
			shellScript = "\"${SRCROOT}/Pods/Target Support Files/Pods-EasyTrack/Pods-EasyTrack-resources.sh\"\n";
			showEnvVarsInLog = 0;
		};
		D117A0A8CCA383E6643F5961 /* [CP] Embed Pods Frameworks */ = {
			isa = PBXShellScriptBuildPhase;
			buildActionMask = 2147483647;
			files = (
			);
			inputPaths = (
			);
			name = "[CP] Embed Pods Frameworks";
			outputPaths = (
			);
			runOnlyForDeploymentPostprocessing = 0;
			shellPath = /bin/sh;
			shellScript = "\"${SRCROOT}/Pods/Target Support Files/Pods-EasyTrack/Pods-EasyTrack-frameworks.sh\"\n";
			showEnvVarsInLog = 0;
		};
/* End PBXShellScriptBuildPhase section */

/* Begin PBXSourcesBuildPhase section */
		B5B1B9631DD9AC9C00258D88 /* Sources */ = {
			isa = PBXSourcesBuildPhase;
			buildActionMask = 2147483647;
			files = (
				B51DF8971E0826DC0070E10B /* QLNavigationController.m in Sources */,
				B5E727111E0A56AC0055F748 /* UIView+SizeCategory.m in Sources */,
				B51DF88D1E0822C20070E10B /* AppDelegate.m in Sources */,
				B51DF8931E0826AE0070E10B /* QLHomeViewController.m in Sources */,
				B51AEF7E1E0BCBE500CAEDC1 /* QLResultViewController.m in Sources */,
				B5B1B96C1DD9AC9C00258D88 /* main.m in Sources */,
				B50902051E0C1EE500C6BF40 /* QLShareView.m in Sources */,
			);
			runOnlyForDeploymentPostprocessing = 0;
		};
/* End PBXSourcesBuildPhase section */

/* Begin PBXVariantGroup section */
		B5B1B9781DD9AC9C00258D88 /* LaunchScreen.storyboard */ = {
			isa = PBXVariantGroup;
			children = (
				B5B1B9791DD9AC9C00258D88 /* Base */,
			);
			name = LaunchScreen.storyboard;
			sourceTree = "<group>";
		};
/* End PBXVariantGroup section */

/* Begin XCBuildConfiguration section */
		B5B1B97C1DD9AC9C00258D88 /* Debug */ = {
			isa = XCBuildConfiguration;
			buildSettings = {
				ALWAYS_SEARCH_USER_PATHS = NO;
				CLANG_ANALYZER_NONNULL = YES;
				CLANG_CXX_LANGUAGE_STANDARD = "gnu++0x";
				CLANG_CXX_LIBRARY = "libc++";
				CLANG_ENABLE_MODULES = YES;
				CLANG_ENABLE_OBJC_ARC = YES;
				CLANG_WARN_BOOL_CONVERSION = YES;
				CLANG_WARN_CONSTANT_CONVERSION = YES;
				CLANG_WARN_DIRECT_OBJC_ISA_USAGE = YES_ERROR;
				CLANG_WARN_DOCUMENTATION_COMMENTS = YES;
				CLANG_WARN_EMPTY_BODY = YES;
				CLANG_WARN_ENUM_CONVERSION = YES;
				CLANG_WARN_INFINITE_RECURSION = YES;
				CLANG_WARN_INT_CONVERSION = YES;
				CLANG_WARN_OBJC_ROOT_CLASS = YES_ERROR;
				CLANG_WARN_SUSPICIOUS_MOVES = YES;
				CLANG_WARN_UNREACHABLE_CODE = YES;
				CLANG_WARN__DUPLICATE_METHOD_MATCH = YES;
				"CODE_SIGN_IDENTITY[sdk=iphoneos*]" = "iPhone Developer";
				COPY_PHASE_STRIP = NO;
				DEBUG_INFORMATION_FORMAT = dwarf;
				ENABLE_STRICT_OBJC_MSGSEND = YES;
				ENABLE_TESTABILITY = YES;
				GCC_C_LANGUAGE_STANDARD = gnu99;
				GCC_DYNAMIC_NO_PIC = NO;
				GCC_NO_COMMON_BLOCKS = YES;
				GCC_OPTIMIZATION_LEVEL = 0;
				GCC_PREFIX_HEADER = EasyTrack/Other/PrefixHeader.pch;
				GCC_PREPROCESSOR_DEFINITIONS = (
					"DEBUG=1",
					"$(inherited)",
				);
				GCC_WARN_64_TO_32_BIT_CONVERSION = YES;
				GCC_WARN_ABOUT_RETURN_TYPE = YES_ERROR;
				GCC_WARN_UNDECLARED_SELECTOR = YES;
				GCC_WARN_UNINITIALIZED_AUTOS = YES_AGGRESSIVE;
				GCC_WARN_UNUSED_FUNCTION = YES;
				GCC_WARN_UNUSED_VARIABLE = YES;
				IPHONEOS_DEPLOYMENT_TARGET = 10.1;
				MTL_ENABLE_DEBUG_INFO = YES;
				ONLY_ACTIVE_ARCH = YES;
				SDKROOT = iphoneos;
			};
			name = Debug;
		};
		B5B1B97D1DD9AC9C00258D88 /* Release */ = {
			isa = XCBuildConfiguration;
			buildSettings = {
				ALWAYS_SEARCH_USER_PATHS = NO;
				CLANG_ANALYZER_NONNULL = YES;
				CLANG_CXX_LANGUAGE_STANDARD = "gnu++0x";
				CLANG_CXX_LIBRARY = "libc++";
				CLANG_ENABLE_MODULES = YES;
				CLANG_ENABLE_OBJC_ARC = YES;
				CLANG_WARN_BOOL_CONVERSION = YES;
				CLANG_WARN_CONSTANT_CONVERSION = YES;
				CLANG_WARN_DIRECT_OBJC_ISA_USAGE = YES_ERROR;
				CLANG_WARN_DOCUMENTATION_COMMENTS = YES;
				CLANG_WARN_EMPTY_BODY = YES;
				CLANG_WARN_ENUM_CONVERSION = YES;
				CLANG_WARN_INFINITE_RECURSION = YES;
				CLANG_WARN_INT_CONVERSION = YES;
				CLANG_WARN_OBJC_ROOT_CLASS = YES_ERROR;
				CLANG_WARN_SUSPICIOUS_MOVES = YES;
				CLANG_WARN_UNREACHABLE_CODE = YES;
				CLANG_WARN__DUPLICATE_METHOD_MATCH = YES;
				"CODE_SIGN_IDENTITY[sdk=iphoneos*]" = "iPhone Developer";
				COPY_PHASE_STRIP = NO;
				DEBUG_INFORMATION_FORMAT = "dwarf-with-dsym";
				ENABLE_NS_ASSERTIONS = NO;
				ENABLE_STRICT_OBJC_MSGSEND = YES;
				GCC_C_LANGUAGE_STANDARD = gnu99;
				GCC_NO_COMMON_BLOCKS = YES;
				GCC_PREFIX_HEADER = EasyTrack/Other/PrefixHeader.pch;
				GCC_WARN_64_TO_32_BIT_CONVERSION = YES;
				GCC_WARN_ABOUT_RETURN_TYPE = YES_ERROR;
				GCC_WARN_UNDECLARED_SELECTOR = YES;
				GCC_WARN_UNINITIALIZED_AUTOS = YES_AGGRESSIVE;
				GCC_WARN_UNUSED_FUNCTION = YES;
				GCC_WARN_UNUSED_VARIABLE = YES;
				IPHONEOS_DEPLOYMENT_TARGET = 10.1;
				MTL_ENABLE_DEBUG_INFO = NO;
				SDKROOT = iphoneos;
				VALIDATE_PRODUCT = YES;
			};
			name = Release;
		};
		B5B1B97F1DD9AC9C00258D88 /* Debug */ = {
			isa = XCBuildConfiguration;
			baseConfigurationReference = EAA5A29CEA121E245DEC2A99 /* Pods-EasyTrack.debug.xcconfig */;
			buildSettings = {
				ASSETCATALOG_COMPILER_APPICON_NAME = AppIcon;
				DEVELOPMENT_TEAM = KRH844752F;
				INFOPLIST_FILE = EasyTrack/Info.plist;
				LD_RUNPATH_SEARCH_PATHS = "$(inherited) @executable_path/Frameworks";
				PRODUCT_BUNDLE_IDENTIFIER = com.individual.EasyTrack;
				PRODUCT_NAME = "$(TARGET_NAME)";
			};
			name = Debug;
		};
		B5B1B9801DD9AC9C00258D88 /* Release */ = {
			isa = XCBuildConfiguration;
			baseConfigurationReference = 7F2A8BD2AA667178BAC22E72 /* Pods-EasyTrack.release.xcconfig */;
			buildSettings = {
				ASSETCATALOG_COMPILER_APPICON_NAME = AppIcon;
				DEVELOPMENT_TEAM = KRH844752F;
				INFOPLIST_FILE = EasyTrack/Info.plist;
				LD_RUNPATH_SEARCH_PATHS = "$(inherited) @executable_path/Frameworks";
				PRODUCT_BUNDLE_IDENTIFIER = com.individual.EasyTrack;
				PRODUCT_NAME = "$(TARGET_NAME)";
			};
			name = Release;
		};
/* End XCBuildConfiguration section */

/* Begin XCConfigurationList section */
		B5B1B9621DD9AC9C00258D88 /* Build configuration list for PBXProject "EasyTrack" */ = {
			isa = XCConfigurationList;
			buildConfigurations = (
				B5B1B97C1DD9AC9C00258D88 /* Debug */,
				B5B1B97D1DD9AC9C00258D88 /* Release */,
			);
			defaultConfigurationIsVisible = 0;
			defaultConfigurationName = Release;
		};
		B5B1B97E1DD9AC9C00258D88 /* Build configuration list for PBXNativeTarget "EasyTrack" */ = {
			isa = XCConfigurationList;
			buildConfigurations = (
				B5B1B97F1DD9AC9C00258D88 /* Debug */,
				B5B1B9801DD9AC9C00258D88 /* Release */,
			);
			defaultConfigurationIsVisible = 0;
			defaultConfigurationName = Release;
		};
/* End XCConfigurationList section */
	};
	rootObject = B5B1B95F1DD9AC9C00258D88 /* Project object */;
}
